
Microsoft Visual Studio Solution File, Format Version 12.00
# Visual Studio Version 16
VisualStudioVersion = 16.0.30804.86
MinimumVisualStudioVersion = 10.0.40219.1
Project("{FAE04EC0-301F-11D3-BF4B-00C04F79EFBC}") = "Fornecedores", "Fornecedores\Fornecedores.csproj", "{AAED9178-E1B8-4226-89A9-A8DEB538F8EF}"
EndProject
Global
	GlobalSection(SolutionConfigurationPlatforms) = preSolution
		Debug|Any CPU = Debug|Any CPU
		Release|Any CPU = Release|Any CPU
	EndGlobalSection
	GlobalSection(ProjectConfigurationPlatforms) = postSolution
		{AAED9178-E1B8-4226-89A9-A8DEB538F8EF}.Debug|Any CPU.ActiveCfg = Debug|Any CPU
		{AAED9178-E1B8-4226-89A9-A8DEB538F8EF}.Debug|Any CPU.Build.0 = Debug|Any CPU
		{AAED9178-E1B8-4226-89A9-A8DEB538F8EF}.Release|Any CPU.ActiveCfg = Release|Any CPU
		{AAED9178-E1B8-4226-89A9-A8DEB538F8EF}.Release|Any CPU.Build.0 = Release|Any CPU
	EndGlobalSection
	GlobalSection(SolutionProperties) = preSolution
		HideSolutionNode = FALSE
	EndGlobalSection
	GlobalSection(ExtensibilityGlobals) = postSolution
		SolutionGuid = {943526FA-8331-426C-AE6B-6E5845539E5A}
	EndGlobalSection
EndGlobal
